
Microsoft Visual Studio Solution File, Format Version 12.00
# Visual Studio 14
VisualStudioVersion = 14.0.23107.0
MinimumVisualStudioVersion = 10.0.40219.1
Project("{2150E333-8FDC-42A3-9474-1A3956D46DE8}") = "App", "App", "{6D5A6364-E8F2-4F40-831B-C021554A822C}"
EndProject
Project("{2150E333-8FDC-42A3-9474-1A3956D46DE8}") = "Server", "Server", "{9841B531-83DC-4AF3-8490-0A5FCC59DA6C}"
EndProject
Project("{2150E333-8FDC-42A3-9474-1A3956D46DE8}") = "Device", "Device", "{6BECC46B-715B-4876-8533-AFA03D40B5C4}"
EndProject
Project("{FAE04EC0-301F-11D3-BF4B-00C04F79EFBC}") = "ColorWithDevice.GadgeteerApp", "ColorWithDevice.GadgeteerApp\ColorWithDevice.GadgeteerApp.csproj", "{98C691FE-2058-4AF0-9049-2169BFCF0595}"
EndProject
Project("{FAE04EC0-301F-11D3-BF4B-00C04F79EFBC}") = "ColorWithDevice.Droid", "App\ColorWithDevice.Droid\ColorWithDevice.Droid.csproj", "{73700315-F7D3-46AD-A78D-CC232DB550E6}"
EndProject
Project("{FAE04EC0-301F-11D3-BF4B-00C04F79EFBC}") = "ColorWithDevice.iOS", "App\ColorWithDevice.iOS\ColorWithDevice.iOS.csproj", "{6FA65707-3F91-4D76-8EE3-C909C3A9F4C6}"
EndProject
Project("{FAE04EC0-301F-11D3-BF4B-00C04F79EFBC}") = "ColorWithDevice", "App\ColorWithDevice\ColorWithDevice.csproj", "{C765203E-F5C3-4E74-9E30-316654771954}"
EndProject
Project("{8BB2217D-0F2D-49D1-97BC-3654ED321F3B}") = "ColorWithDevice.Server", "ColorWithDevice.Server\ColorWithDevice.Server.xproj", "{A455B90B-C5DF-41F8-BFE6-A289F8F3FEF7}"
EndProject
Project("{2150E333-8FDC-42A3-9474-1A3956D46DE8}") = "Model", "Model", "{74AAFCEF-C839-4C5D-BB30-A6F2A8F41AB4}"
EndProject
Project("{FAE04EC0-301F-11D3-BF4B-00C04F79EFBC}") = "ColorWithDevice.Model", "ColorWithDevice.Model\ColorWithDevice.Model.csproj", "{5E85C154-78D5-44A6-AEC3-2D5A76F01387}"
EndProject
Global
	GlobalSection(SolutionConfigurationPlatforms) = preSolution
		Ad-Hoc|Any CPU = Ad-Hoc|Any CPU
		Ad-Hoc|ARM = Ad-Hoc|ARM
		Ad-Hoc|iPhone = Ad-Hoc|iPhone
		Ad-Hoc|iPhoneSimulator = Ad-Hoc|iPhoneSimulator
		Ad-Hoc|Mixed Platforms = Ad-Hoc|Mixed Platforms
		Ad-Hoc|x64 = Ad-Hoc|x64
		Ad-Hoc|x86 = Ad-Hoc|x86
		AppStore|Any CPU = AppStore|Any CPU
		AppStore|ARM = AppStore|ARM
		AppStore|iPhone = AppStore|iPhone
		AppStore|iPhoneSimulator = AppStore|iPhoneSimulator
		AppStore|Mixed Platforms = AppStore|Mixed Platforms
		AppStore|x64 = AppStore|x64
		AppStore|x86 = AppStore|x86
		Debug|Any CPU = Debug|Any CPU
		Debug|ARM = Debug|ARM
		Debug|iPhone = Debug|iPhone
		Debug|iPhoneSimulator = Debug|iPhoneSimulator
		Debug|Mixed Platforms = Debug|Mixed Platforms
		Debug|x64 = Debug|x64
		Debug|x86 = Debug|x86
		Release|Any CPU = Release|Any CPU
		Release|ARM = Release|ARM
		Release|iPhone = Release|iPhone
		Release|iPhoneSimulator = Release|iPhoneSimulator
		Release|Mixed Platforms = Release|Mixed Platforms
		Release|x64 = Release|x64
		Release|x86 = Release|x86
	EndGlobalSection
	GlobalSection(ProjectConfigurationPlatforms) = postSolution
		{98C691FE-2058-4AF0-9049-2169BFCF0595}.Ad-Hoc|Any CPU.ActiveCfg = Release|Any CPU
		{98C691FE-2058-4AF0-9049-2169BFCF0595}.Ad-Hoc|Any CPU.Build.0 = Release|Any CPU
		{98C691FE-2058-4AF0-9049-2169BFCF0595}.Ad-Hoc|Any CPU.Deploy.0 = Release|Any CPU
		{98C691FE-2058-4AF0-9049-2169BFCF0595}.Ad-Hoc|ARM.ActiveCfg = Release|Any CPU
		{98C691FE-2058-4AF0-9049-2169BFCF0595}.Ad-Hoc|iPhone.ActiveCfg = Release|Any CPU
		{98C691FE-2058-4AF0-9049-2169BFCF0595}.Ad-Hoc|iPhoneSimulator.ActiveCfg = Release|Any CPU
		{98C691FE-2058-4AF0-9049-2169BFCF0595}.Ad-Hoc|Mixed Platforms.ActiveCfg = Release|Any CPU
		{98C691FE-2058-4AF0-9049-2169BFCF0595}.Ad-Hoc|Mixed Platforms.Build.0 = Release|Any CPU
		{98C691FE-2058-4AF0-9049-2169BFCF0595}.Ad-Hoc|Mixed Platforms.Deploy.0 = Release|Any CPU
		{98C691FE-2058-4AF0-9049-2169BFCF0595}.Ad-Hoc|x64.ActiveCfg = Release|Any CPU
		{98C691FE-2058-4AF0-9049-2169BFCF0595}.Ad-Hoc|x86.ActiveCfg = Release|Any CPU
		{98C691FE-2058-4AF0-9049-2169BFCF0595}.AppStore|Any CPU.ActiveCfg = Release|Any CPU
		{98C691FE-2058-4AF0-9049-2169BFCF0595}.AppStore|Any CPU.Build.0 = Release|Any CPU
		{98C691FE-2058-4AF0-9049-2169BFCF0595}.AppStore|Any CPU.Deploy.0 = Release|Any CPU
		{98C691FE-2058-4AF0-9049-2169BFCF0595}.AppStore|ARM.ActiveCfg = Release|Any CPU
		{98C691FE-2058-4AF0-9049-2169BFCF0595}.AppStore|iPhone.ActiveCfg = Release|Any CPU
		{98C691FE-2058-4AF0-9049-2169BFCF0595}.AppStore|iPhoneSimulator.ActiveCfg = Release|Any CPU
		{98C691FE-2058-4AF0-9049-2169BFCF0595}.AppStore|Mixed Platforms.ActiveCfg = Release|Any CPU
		{98C691FE-2058-4AF0-9049-2169BFCF0595}.AppStore|Mixed Platforms.Build.0 = Release|Any CPU
		{98C691FE-2058-4AF0-9049-2169BFCF0595}.AppStore|Mixed Platforms.Deploy.0 = Release|Any CPU
		{98C691FE-2058-4AF0-9049-2169BFCF0595}.AppStore|x64.ActiveCfg = Release|Any CPU
		{98C691FE-2058-4AF0-9049-2169BFCF0595}.AppStore|x86.ActiveCfg = Release|Any CPU
		{98C691FE-2058-4AF0-9049-2169BFCF0595}.Debug|Any CPU.ActiveCfg = Debug|Any CPU
		{98C691FE-2058-4AF0-9049-2169BFCF0595}.Debug|Any CPU.Build.0 = Debug|Any CPU
		{98C691FE-2058-4AF0-9049-2169BFCF0595}.Debug|Any CPU.Deploy.0 = Debug|Any CPU
		{98C691FE-2058-4AF0-9049-2169BFCF0595}.Debug|ARM.ActiveCfg = Debug|Any CPU
		{98C691FE-2058-4AF0-9049-2169BFCF0595}.Debug|iPhone.ActiveCfg = Debug|Any CPU
		{98C691FE-2058-4AF0-9049-2169BFCF0595}.Debug|iPhoneSimulator.ActiveCfg = Debug|Any CPU
		{98C691FE-2058-4AF0-9049-2169BFCF0595}.Debug|Mixed Platforms.ActiveCfg = Debug|Any CPU
		{98C691FE-2058-4AF0-9049-2169BFCF0595}.Debug|Mixed Platforms.Build.0 = Debug|Any CPU
		{98C691FE-2058-4AF0-9049-2169BFCF0595}.Debug|Mixed Platforms.Deploy.0 = Debug|Any CPU
		{98C691FE-2058-4AF0-9049-2169BFCF0595}.Debug|x64.ActiveCfg = Debug|Any CPU
		{98C691FE-2058-4AF0-9049-2169BFCF0595}.Debug|x86.ActiveCfg = Debug|Any CPU
		{98C691FE-2058-4AF0-9049-2169BFCF0595}.Release|Any CPU.ActiveCfg = Release|Any CPU
		{98C691FE-2058-4AF0-9049-2169BFCF0595}.Release|Any CPU.Build.0 = Release|Any CPU
		{98C691FE-2058-4AF0-9049-2169BFCF0595}.Release|Any CPU.Deploy.0 = Release|Any CPU
		{98C691FE-2058-4AF0-9049-2169BFCF0595}.Release|ARM.ActiveCfg = Release|Any CPU
		{98C691FE-2058-4AF0-9049-2169BFCF0595}.Release|iPhone.ActiveCfg = Release|Any CPU
		{98C691FE-2058-4AF0-9049-2169BFCF0595}.Release|iPhoneSimulator.ActiveCfg = Release|Any CPU
		{98C691FE-2058-4AF0-9049-2169BFCF0595}.Release|Mixed Platforms.ActiveCfg = Release|Any CPU
		{98C691FE-2058-4AF0-9049-2169BFCF0595}.Release|Mixed Platforms.Build.0 = Release|Any CPU
		{98C691FE-2058-4AF0-9049-2169BFCF0595}.Release|Mixed Platforms.Deploy.0 = Release|Any CPU
		{98C691FE-2058-4AF0-9049-2169BFCF0595}.Release|x64.ActiveCfg = Release|Any CPU
		{98C691FE-2058-4AF0-9049-2169BFCF0595}.Release|x86.ActiveCfg = Release|Any CPU
		{73700315-F7D3-46AD-A78D-CC232DB550E6}.Ad-Hoc|Any CPU.ActiveCfg = Release|Any CPU
		{73700315-F7D3-46AD-A78D-CC232DB550E6}.Ad-Hoc|Any CPU.Build.0 = Release|Any CPU
		{73700315-F7D3-46AD-A78D-CC232DB550E6}.Ad-Hoc|Any CPU.Deploy.0 = Release|Any CPU
		{73700315-F7D3-46AD-A78D-CC232DB550E6}.Ad-Hoc|ARM.ActiveCfg = Release|Any CPU
		{73700315-F7D3-46AD-A78D-CC232DB550E6}.Ad-Hoc|iPhone.ActiveCfg = Release|Any CPU
		{73700315-F7D3-46AD-A78D-CC232DB550E6}.Ad-Hoc|iPhoneSimulator.ActiveCfg = Release|Any CPU
		{73700315-F7D3-46AD-A78D-CC232DB550E6}.Ad-Hoc|Mixed Platforms.ActiveCfg = Release|Any CPU
		{73700315-F7D3-46AD-A78D-CC232DB550E6}.Ad-Hoc|Mixed Platforms.Build.0 = Release|Any CPU
		{73700315-F7D3-46AD-A78D-CC232DB550E6}.Ad-Hoc|Mixed Platforms.Deploy.0 = Release|Any CPU
		{73700315-F7D3-46AD-A78D-CC232DB550E6}.Ad-Hoc|x64.ActiveCfg = Release|Any CPU
		{73700315-F7D3-46AD-A78D-CC232DB550E6}.Ad-Hoc|x86.ActiveCfg = Release|Any CPU
		{73700315-F7D3-46AD-A78D-CC232DB550E6}.AppStore|Any CPU.ActiveCfg = Release|Any CPU
		{73700315-F7D3-46AD-A78D-CC232DB550E6}.AppStore|Any CPU.Build.0 = Release|Any CPU
		{73700315-F7D3-46AD-A78D-CC232DB550E6}.AppStore|Any CPU.Deploy.0 = Release|Any CPU
		{73700315-F7D3-46AD-A78D-CC232DB550E6}.AppStore|ARM.ActiveCfg = Release|Any CPU
		{73700315-F7D3-46AD-A78D-CC232DB550E6}.AppStore|iPhone.ActiveCfg = Release|Any CPU
		{73700315-F7D3-46AD-A78D-CC232DB550E6}.AppStore|iPhoneSimulator.ActiveCfg = Release|Any CPU
		{73700315-F7D3-46AD-A78D-CC232DB550E6}.AppStore|Mixed Platforms.ActiveCfg = Release|Any CPU
		{73700315-F7D3-46AD-A78D-CC232DB550E6}.AppStore|Mixed Platforms.Build.0 = Release|Any CPU
		{73700315-F7D3-46AD-A78D-CC232DB550E6}.AppStore|Mixed Platforms.Deploy.0 = Release|Any CPU
		{73700315-F7D3-46AD-A78D-CC232DB550E6}.AppStore|x64.ActiveCfg = Release|Any CPU
		{73700315-F7D3-46AD-A78D-CC232DB550E6}.AppStore|x86.ActiveCfg = Release|Any CPU
		{73700315-F7D3-46AD-A78D-CC232DB550E6}.Debug|Any CPU.ActiveCfg = Debug|Any CPU
		{73700315-F7D3-46AD-A78D-CC232DB550E6}.Debug|Any CPU.Build.0 = Debug|Any CPU
		{73700315-F7D3-46AD-A78D-CC232DB550E6}.Debug|Any CPU.Deploy.0 = Debug|Any CPU
		{73700315-F7D3-46AD-A78D-CC232DB550E6}.Debug|ARM.ActiveCfg = Debug|Any CPU
		{73700315-F7D3-46AD-A78D-CC232DB550E6}.Debug|iPhone.ActiveCfg = Debug|Any CPU
		{73700315-F7D3-46AD-A78D-CC232DB550E6}.Debug|iPhoneSimulator.ActiveCfg = Debug|Any CPU
		{73700315-F7D3-46AD-A78D-CC232DB550E6}.Debug|Mixed Platforms.ActiveCfg = Debug|Any CPU
		{73700315-F7D3-46AD-A78D-CC232DB550E6}.Debug|Mixed Platforms.Build.0 = Debug|Any CPU
		{73700315-F7D3-46AD-A78D-CC232DB550E6}.Debug|Mixed Platforms.Deploy.0 = Debug|Any CPU
		{73700315-F7D3-46AD-A78D-CC232DB550E6}.Debug|x64.ActiveCfg = Debug|Any CPU
		{73700315-F7D3-46AD-A78D-CC232DB550E6}.Debug|x86.ActiveCfg = Debug|Any CPU
		{73700315-F7D3-46AD-A78D-CC232DB550E6}.Release|Any CPU.ActiveCfg = Release|Any CPU
		{73700315-F7D3-46AD-A78D-CC232DB550E6}.Release|Any CPU.Build.0 = Release|Any CPU
		{73700315-F7D3-46AD-A78D-CC232DB550E6}.Release|Any CPU.Deploy.0 = Release|Any CPU
		{73700315-F7D3-46AD-A78D-CC232DB550E6}.Release|ARM.ActiveCfg = Release|Any CPU
		{73700315-F7D3-46AD-A78D-CC232DB550E6}.Release|iPhone.ActiveCfg = Release|Any CPU
		{73700315-F7D3-46AD-A78D-CC232DB550E6}.Release|iPhoneSimulator.ActiveCfg = Release|Any CPU
		{73700315-F7D3-46AD-A78D-CC232DB550E6}.Release|Mixed Platforms.ActiveCfg = Release|Any CPU
		{73700315-F7D3-46AD-A78D-CC232DB550E6}.Release|Mixed Platforms.Build.0 = Release|Any CPU
		{73700315-F7D3-46AD-A78D-CC232DB550E6}.Release|Mixed Platforms.Deploy.0 = Release|Any CPU
		{73700315-F7D3-46AD-A78D-CC232DB550E6}.Release|x64.ActiveCfg = Release|Any CPU
		{73700315-F7D3-46AD-A78D-CC232DB550E6}.Release|x86.ActiveCfg = Release|Any CPU
		{6FA65707-3F91-4D76-8EE3-C909C3A9F4C6}.Ad-Hoc|Any CPU.ActiveCfg = Ad-Hoc|iPhone
		{6FA65707-3F91-4D76-8EE3-C909C3A9F4C6}.Ad-Hoc|ARM.ActiveCfg = Ad-Hoc|iPhone
		{6FA65707-3F91-4D76-8EE3-C909C3A9F4C6}.Ad-Hoc|iPhone.ActiveCfg = Ad-Hoc|iPhone
		{6FA65707-3F91-4D76-8EE3-C909C3A9F4C6}.Ad-Hoc|iPhone.Build.0 = Ad-Hoc|iPhone
		{6FA65707-3F91-4D76-8EE3-C909C3A9F4C6}.Ad-Hoc|iPhoneSimulator.ActiveCfg = Ad-Hoc|iPhoneSimulator
		{6FA65707-3F91-4D76-8EE3-C909C3A9F4C6}.Ad-Hoc|iPhoneSimulator.Build.0 = Ad-Hoc|iPhoneSimulator
		{6FA65707-3F91-4D76-8EE3-C909C3A9F4C6}.Ad-Hoc|Mixed Platforms.ActiveCfg = Ad-Hoc|iPhone
		{6FA65707-3F91-4D76-8EE3-C909C3A9F4C6}.Ad-Hoc|Mixed Platforms.Build.0 = Ad-Hoc|iPhone
		{6FA65707-3F91-4D76-8EE3-C909C3A9F4C6}.Ad-Hoc|x64.ActiveCfg = Ad-Hoc|iPhone
		{6FA65707-3F91-4D76-8EE3-C909C3A9F4C6}.Ad-Hoc|x86.ActiveCfg = Ad-Hoc|iPhone
		{6FA65707-3F91-4D76-8EE3-C909C3A9F4C6}.AppStore|Any CPU.ActiveCfg = AppStore|iPhone
		{6FA65707-3F91-4D76-8EE3-C909C3A9F4C6}.AppStore|ARM.ActiveCfg = AppStore|iPhone
		{6FA65707-3F91-4D76-8EE3-C909C3A9F4C6}.AppStore|iPhone.ActiveCfg = AppStore|iPhone
		{6FA65707-3F91-4D76-8EE3-C909C3A9F4C6}.AppStore|iPhone.Build.0 = AppStore|iPhone
		{6FA65707-3F91-4D76-8EE3-C909C3A9F4C6}.AppStore|iPhoneSimulator.ActiveCfg = AppStore|iPhoneSimulator
		{6FA65707-3F91-4D76-8EE3-C909C3A9F4C6}.AppStore|iPhoneSimulator.Build.0 = AppStore|iPhoneSimulator
		{6FA65707-3F91-4D76-8EE3-C909C3A9F4C6}.AppStore|Mixed Platforms.ActiveCfg = AppStore|iPhone
		{6FA65707-3F91-4D76-8EE3-C909C3A9F4C6}.AppStore|Mixed Platforms.Build.0 = AppStore|iPhone
		{6FA65707-3F91-4D76-8EE3-C909C3A9F4C6}.AppStore|x64.ActiveCfg = AppStore|iPhone
		{6FA65707-3F91-4D76-8EE3-C909C3A9F4C6}.AppStore|x86.ActiveCfg = AppStore|iPhone
		{6FA65707-3F91-4D76-8EE3-C909C3A9F4C6}.Debug|Any CPU.ActiveCfg = Debug|iPhone
		{6FA65707-3F91-4D76-8EE3-C909C3A9F4C6}.Debug|ARM.ActiveCfg = Debug|iPhone
		{6FA65707-3F91-4D76-8EE3-C909C3A9F4C6}.Debug|iPhone.ActiveCfg = Debug|iPhone
		{6FA65707-3F91-4D76-8EE3-C909C3A9F4C6}.Debug|iPhone.Build.0 = Debug|iPhone
		{6FA65707-3F91-4D76-8EE3-C909C3A9F4C6}.Debug|iPhoneSimulator.ActiveCfg = Debug|iPhoneSimulator
		{6FA65707-3F91-4D76-8EE3-C909C3A9F4C6}.Debug|iPhoneSimulator.Build.0 = Debug|iPhoneSimulator
		{6FA65707-3F91-4D76-8EE3-C909C3A9F4C6}.Debug|Mixed Platforms.ActiveCfg = Debug|iPhone
		{6FA65707-3F91-4D76-8EE3-C909C3A9F4C6}.Debug|Mixed Platforms.Build.0 = Debug|iPhone
		{6FA65707-3F91-4D76-8EE3-C909C3A9F4C6}.Debug|x64.ActiveCfg = Debug|iPhone
		{6FA65707-3F91-4D76-8EE3-C909C3A9F4C6}.Debug|x86.ActiveCfg = Debug|iPhone
		{6FA65707-3F91-4D76-8EE3-C909C3A9F4C6}.Release|Any CPU.ActiveCfg = Release|iPhone
		{6FA65707-3F91-4D76-8EE3-C909C3A9F4C6}.Release|ARM.ActiveCfg = Release|iPhone
		{6FA65707-3F91-4D76-8EE3-C909C3A9F4C6}.Release|iPhone.ActiveCfg = Release|iPhone
		{6FA65707-3F91-4D76-8EE3-C909C3A9F4C6}.Release|iPhone.Build.0 = Release|iPhone
		{6FA65707-3F91-4D76-8EE3-C909C3A9F4C6}.Release|iPhoneSimulator.ActiveCfg = Release|iPhoneSimulator
		{6FA65707-3F91-4D76-8EE3-C909C3A9F4C6}.Release|iPhoneSimulator.Build.0 = Release|iPhoneSimulator
		{6FA65707-3F91-4D76-8EE3-C909C3A9F4C6}.Release|Mixed Platforms.ActiveCfg = Release|iPhone
		{6FA65707-3F91-4D76-8EE3-C909C3A9F4C6}.Release|Mixed Platforms.Build.0 = Release|iPhone
		{6FA65707-3F91-4D76-8EE3-C909C3A9F4C6}.Release|x64.ActiveCfg = Release|iPhone
		{6FA65707-3F91-4D76-8EE3-C909C3A9F4C6}.Release|x86.ActiveCfg = Release|iPhone
		{C765203E-F5C3-4E74-9E30-316654771954}.Ad-Hoc|Any CPU.ActiveCfg = Release|Any CPU
		{C765203E-F5C3-4E74-9E30-316654771954}.Ad-Hoc|Any CPU.Build.0 = Release|Any CPU
		{C765203E-F5C3-4E74-9E30-316654771954}.Ad-Hoc|ARM.ActiveCfg = Release|Any CPU
		{C765203E-F5C3-4E74-9E30-316654771954}.Ad-Hoc|iPhone.ActiveCfg = Release|Any CPU
		{C765203E-F5C3-4E74-9E30-316654771954}.Ad-Hoc|iPhoneSimulator.ActiveCfg = Release|Any CPU
		{C765203E-F5C3-4E74-9E30-316654771954}.Ad-Hoc|Mixed Platforms.ActiveCfg = Release|Any CPU
		{C765203E-F5C3-4E74-9E30-316654771954}.Ad-Hoc|Mixed Platforms.Build.0 = Release|Any CPU
		{C765203E-F5C3-4E74-9E30-316654771954}.Ad-Hoc|x64.ActiveCfg = Release|Any CPU
		{C765203E-F5C3-4E74-9E30-316654771954}.Ad-Hoc|x86.ActiveCfg = Release|Any CPU
		{C765203E-F5C3-4E74-9E30-316654771954}.AppStore|Any CPU.ActiveCfg = Release|Any CPU
		{C765203E-F5C3-4E74-9E30-316654771954}.AppStore|Any CPU.Build.0 = Release|Any CPU
		{C765203E-F5C3-4E74-9E30-316654771954}.AppStore|ARM.ActiveCfg = Release|Any CPU
		{C765203E-F5C3-4E74-9E30-316654771954}.AppStore|iPhone.ActiveCfg = Release|Any CPU
		{C765203E-F5C3-4E74-9E30-316654771954}.AppStore|iPhoneSimulator.ActiveCfg = Release|Any CPU
		{C765203E-F5C3-4E74-9E30-316654771954}.AppStore|Mixed Platforms.ActiveCfg = Release|Any CPU
		{C765203E-F5C3-4E74-9E30-316654771954}.AppStore|Mixed Platforms.Build.0 = Release|Any CPU
		{C765203E-F5C3-4E74-9E30-316654771954}.AppStore|x64.ActiveCfg = Release|Any CPU
		{C765203E-F5C3-4E74-9E30-316654771954}.AppStore|x86.ActiveCfg = Release|Any CPU
		{C765203E-F5C3-4E74-9E30-316654771954}.Debug|Any CPU.ActiveCfg = Debug|Any CPU
		{C765203E-F5C3-4E74-9E30-316654771954}.Debug|Any CPU.Build.0 = Debug|Any CPU
		{C765203E-F5C3-4E74-9E30-316654771954}.Debug|ARM.ActiveCfg = Debug|Any CPU
		{C765203E-F5C3-4E74-9E30-316654771954}.Debug|iPhone.ActiveCfg = Debug|Any CPU
		{C765203E-F5C3-4E74-9E30-316654771954}.Debug|iPhoneSimulator.ActiveCfg = Debug|Any CPU
		{C765203E-F5C3-4E74-9E30-316654771954}.Debug|Mixed Platforms.ActiveCfg = Debug|Any CPU
		{C765203E-F5C3-4E74-9E30-316654771954}.Debug|Mixed Platforms.Build.0 = Debug|Any CPU
		{C765203E-F5C3-4E74-9E30-316654771954}.Debug|x64.ActiveCfg = Debug|Any CPU
		{C765203E-F5C3-4E74-9E30-316654771954}.Debug|x86.ActiveCfg = Debug|Any CPU
		{C765203E-F5C3-4E74-9E30-316654771954}.Release|Any CPU.ActiveCfg = Release|Any CPU
		{C765203E-F5C3-4E74-9E30-316654771954}.Release|Any CPU.Build.0 = Release|Any CPU
		{C765203E-F5C3-4E74-9E30-316654771954}.Release|ARM.ActiveCfg = Release|Any CPU
		{C765203E-F5C3-4E74-9E30-316654771954}.Release|iPhone.ActiveCfg = Release|Any CPU
		{C765203E-F5C3-4E74-9E30-316654771954}.Release|iPhoneSimulator.ActiveCfg = Release|Any CPU
		{C765203E-F5C3-4E74-9E30-316654771954}.Release|Mixed Platforms.ActiveCfg = Release|Any CPU
		{C765203E-F5C3-4E74-9E30-316654771954}.Release|Mixed Platforms.Build.0 = Release|Any CPU
		{C765203E-F5C3-4E74-9E30-316654771954}.Release|x64.ActiveCfg = Release|Any CPU
		{C765203E-F5C3-4E74-9E30-316654771954}.Release|x86.ActiveCfg = Release|Any CPU
		{A455B90B-C5DF-41F8-BFE6-A289F8F3FEF7}.Ad-Hoc|Any CPU.ActiveCfg = Debug|Any CPU
		{A455B90B-C5DF-41F8-BFE6-A289F8F3FEF7}.Ad-Hoc|Any CPU.Build.0 = Debug|Any CPU
		{A455B90B-C5DF-41F8-BFE6-A289F8F3FEF7}.Ad-Hoc|ARM.ActiveCfg = Debug|Any CPU
		{A455B90B-C5DF-41F8-BFE6-A289F8F3FEF7}.Ad-Hoc|ARM.Build.0 = Debug|Any CPU
		{A455B90B-C5DF-41F8-BFE6-A289F8F3FEF7}.Ad-Hoc|iPhone.ActiveCfg = Debug|Any CPU
		{A455B90B-C5DF-41F8-BFE6-A289F8F3FEF7}.Ad-Hoc|iPhone.Build.0 = Debug|Any CPU
		{A455B90B-C5DF-41F8-BFE6-A289F8F3FEF7}.Ad-Hoc|iPhoneSimulator.ActiveCfg = Debug|Any CPU
		{A455B90B-C5DF-41F8-BFE6-A289F8F3FEF7}.Ad-Hoc|iPhoneSimulator.Build.0 = Debug|Any CPU
		{A455B90B-C5DF-41F8-BFE6-A289F8F3FEF7}.Ad-Hoc|Mixed Platforms.ActiveCfg = Debug|Any CPU
		{A455B90B-C5DF-41F8-BFE6-A289F8F3FEF7}.Ad-Hoc|Mixed Platforms.Build.0 = Debug|Any CPU
		{A455B90B-C5DF-41F8-BFE6-A289F8F3FEF7}.Ad-Hoc|x64.ActiveCfg = Debug|Any CPU
		{A455B90B-C5DF-41F8-BFE6-A289F8F3FEF7}.Ad-Hoc|x64.Build.0 = Debug|Any CPU
		{A455B90B-C5DF-41F8-BFE6-A289F8F3FEF7}.Ad-Hoc|x86.ActiveCfg = Debug|Any CPU
		{A455B90B-C5DF-41F8-BFE6-A289F8F3FEF7}.Ad-Hoc|x86.Build.0 = Debug|Any CPU
		{A455B90B-C5DF-41F8-BFE6-A289F8F3FEF7}.AppStore|Any CPU.ActiveCfg = Debug|Any CPU
		{A455B90B-C5DF-41F8-BFE6-A289F8F3FEF7}.AppStore|Any CPU.Build.0 = Debug|Any CPU
		{A455B90B-C5DF-41F8-BFE6-A289F8F3FEF7}.AppStore|ARM.ActiveCfg = Debug|Any CPU
		{A455B90B-C5DF-41F8-BFE6-A289F8F3FEF7}.AppStore|ARM.Build.0 = Debug|Any CPU
		{A455B90B-C5DF-41F8-BFE6-A289F8F3FEF7}.AppStore|iPhone.ActiveCfg = Debug|Any CPU
		{A455B90B-C5DF-41F8-BFE6-A289F8F3FEF7}.AppStore|iPhone.Build.0 = Debug|Any CPU
		{A455B90B-C5DF-41F8-BFE6-A289F8F3FEF7}.AppStore|iPhoneSimulator.ActiveCfg = Debug|Any CPU
		{A455B90B-C5DF-41F8-BFE6-A289F8F3FEF7}.AppStore|iPhoneSimulator.Build.0 = Debug|Any CPU
		{A455B90B-C5DF-41F8-BFE6-A289F8F3FEF7}.AppStore|Mixed Platforms.ActiveCfg = Debug|Any CPU
		{A455B90B-C5DF-41F8-BFE6-A289F8F3FEF7}.AppStore|Mixed Platforms.Build.0 = Debug|Any CPU
		{A455B90B-C5DF-41F8-BFE6-A289F8F3FEF7}.AppStore|x64.ActiveCfg = Debug|Any CPU
		{A455B90B-C5DF-41F8-BFE6-A289F8F3FEF7}.AppStore|x64.Build.0 = Debug|Any CPU
		{A455B90B-C5DF-41F8-BFE6-A289F8F3FEF7}.AppStore|x86.ActiveCfg = Debug|Any CPU
		{A455B90B-C5DF-41F8-BFE6-A289F8F3FEF7}.AppStore|x86.Build.0 = Debug|Any CPU
		{A455B90B-C5DF-41F8-BFE6-A289F8F3FEF7}.Debug|Any CPU.ActiveCfg = Debug|Any CPU
		{A455B90B-C5DF-41F8-BFE6-A289F8F3FEF7}.Debug|Any CPU.Build.0 = Debug|Any CPU
		{A455B90B-C5DF-41F8-BFE6-A289F8F3FEF7}.Debug|ARM.ActiveCfg = Debug|Any CPU
		{A455B90B-C5DF-41F8-BFE6-A289F8F3FEF7}.Debug|ARM.Build.0 = Debug|Any CPU
		{A455B90B-C5DF-41F8-BFE6-A289F8F3FEF7}.Debug|iPhone.ActiveCfg = Debug|Any CPU
		{A455B90B-C5DF-41F8-BFE6-A289F8F3FEF7}.Debug|iPhone.Build.0 = Debug|Any CPU
		{A455B90B-C5DF-41F8-BFE6-A289F8F3FEF7}.Debug|iPhoneSimulator.ActiveCfg = Debug|Any CPU
		{A455B90B-C5DF-41F8-BFE6-A289F8F3FEF7}.Debug|iPhoneSimulator.Build.0 = Debug|Any CPU
		{A455B90B-C5DF-41F8-BFE6-A289F8F3FEF7}.Debug|Mixed Platforms.ActiveCfg = Debug|Any CPU
		{A455B90B-C5DF-41F8-BFE6-A289F8F3FEF7}.Debug|Mixed Platforms.Build.0 = Debug|Any CPU
		{A455B90B-C5DF-41F8-BFE6-A289F8F3FEF7}.Debug|x64.ActiveCfg = Debug|Any CPU
		{A455B90B-C5DF-41F8-BFE6-A289F8F3FEF7}.Debug|x64.Build.0 = Debug|Any CPU
		{A455B90B-C5DF-41F8-BFE6-A289F8F3FEF7}.Debug|x86.ActiveCfg = Debug|Any CPU
		{A455B90B-C5DF-41F8-BFE6-A289F8F3FEF7}.Debug|x86.Build.0 = Debug|Any CPU
		{A455B90B-C5DF-41F8-BFE6-A289F8F3FEF7}.Release|Any CPU.ActiveCfg = Release|Any CPU
		{A455B90B-C5DF-41F8-BFE6-A289F8F3FEF7}.Release|Any CPU.Build.0 = Release|Any CPU
		{A455B90B-C5DF-41F8-BFE6-A289F8F3FEF7}.Release|ARM.ActiveCfg = Release|Any CPU
		{A455B90B-C5DF-41F8-BFE6-A289F8F3FEF7}.Release|ARM.Build.0 = Release|Any CPU
		{A455B90B-C5DF-41F8-BFE6-A289F8F3FEF7}.Release|iPhone.ActiveCfg = Release|Any CPU
		{A455B90B-C5DF-41F8-BFE6-A289F8F3FEF7}.Release|iPhone.Build.0 = Release|Any CPU
		{A455B90B-C5DF-41F8-BFE6-A289F8F3FEF7}.Release|iPhoneSimulator.ActiveCfg = Release|Any CPU
		{A455B90B-C5DF-41F8-BFE6-A289F8F3FEF7}.Release|iPhoneSimulator.Build.0 = Release|Any CPU
		{A455B90B-C5DF-41F8-BFE6-A289F8F3FEF7}.Release|Mixed Platforms.ActiveCfg = Release|Any CPU
		{A455B90B-C5DF-41F8-BFE6-A289F8F3FEF7}.Release|Mixed Platforms.Build.0 = Release|Any CPU
		{A455B90B-C5DF-41F8-BFE6-A289F8F3FEF7}.Release|x64.ActiveCfg = Release|Any CPU
		{A455B90B-C5DF-41F8-BFE6-A289F8F3FEF7}.Release|x64.Build.0 = Release|Any CPU
		{A455B90B-C5DF-41F8-BFE6-A289F8F3FEF7}.Release|x86.ActiveCfg = Release|Any CPU
		{A455B90B-C5DF-41F8-BFE6-A289F8F3FEF7}.Release|x86.Build.0 = Release|Any CPU
		{5E85C154-78D5-44A6-AEC3-2D5A76F01387}.Ad-Hoc|Any CPU.ActiveCfg = Release|Any CPU
		{5E85C154-78D5-44A6-AEC3-2D5A76F01387}.Ad-Hoc|Any CPU.Build.0 = Release|Any CPU
		{5E85C154-78D5-44A6-AEC3-2D5A76F01387}.Ad-Hoc|ARM.ActiveCfg = Release|Any CPU
		{5E85C154-78D5-44A6-AEC3-2D5A76F01387}.Ad-Hoc|ARM.Build.0 = Release|Any CPU
		{5E85C154-78D5-44A6-AEC3-2D5A76F01387}.Ad-Hoc|iPhone.ActiveCfg = Release|Any CPU
		{5E85C154-78D5-44A6-AEC3-2D5A76F01387}.Ad-Hoc|iPhone.Build.0 = Release|Any CPU
		{5E85C154-78D5-44A6-AEC3-2D5A76F01387}.Ad-Hoc|iPhoneSimulator.ActiveCfg = Release|Any CPU
		{5E85C154-78D5-44A6-AEC3-2D5A76F01387}.Ad-Hoc|iPhoneSimulator.Build.0 = Release|Any CPU
		{5E85C154-78D5-44A6-AEC3-2D5A76F01387}.Ad-Hoc|Mixed Platforms.ActiveCfg = Release|Any CPU
		{5E85C154-78D5-44A6-AEC3-2D5A76F01387}.Ad-Hoc|Mixed Platforms.Build.0 = Release|Any CPU
		{5E85C154-78D5-44A6-AEC3-2D5A76F01387}.Ad-Hoc|x64.ActiveCfg = Release|Any CPU
		{5E85C154-78D5-44A6-AEC3-2D5A76F01387}.Ad-Hoc|x64.Build.0 = Release|Any CPU
		{5E85C154-78D5-44A6-AEC3-2D5A76F01387}.Ad-Hoc|x86.ActiveCfg = Release|Any CPU
		{5E85C154-78D5-44A6-AEC3-2D5A76F01387}.Ad-Hoc|x86.Build.0 = Release|Any CPU
		{5E85C154-78D5-44A6-AEC3-2D5A76F01387}.AppStore|Any CPU.ActiveCfg = Release|Any CPU
		{5E85C154-78D5-44A6-AEC3-2D5A76F01387}.AppStore|Any CPU.Build.0 = Release|Any CPU
		{5E85C154-78D5-44A6-AEC3-2D5A76F01387}.AppStore|ARM.ActiveCfg = Release|Any CPU
		{5E85C154-78D5-44A6-AEC3-2D5A76F01387}.AppStore|ARM.Build.0 = Release|Any CPU
		{5E85C154-78D5-44A6-AEC3-2D5A76F01387}.AppStore|iPhone.ActiveCfg = Release|Any CPU
		{5E85C154-78D5-44A6-AEC3-2D5A76F01387}.AppStore|iPhone.Build.0 = Release|Any CPU
		{5E85C154-78D5-44A6-AEC3-2D5A76F01387}.AppStore|iPhoneSimulator.ActiveCfg = Release|Any CPU
		{5E85C154-78D5-44A6-AEC3-2D5A76F01387}.AppStore|iPhoneSimulator.Build.0 = Release|Any CPU
		{5E85C154-78D5-44A6-AEC3-2D5A76F01387}.AppStore|Mixed Platforms.ActiveCfg = Release|Any CPU
		{5E85C154-78D5-44A6-AEC3-2D5A76F01387}.AppStore|Mixed Platforms.Build.0 = Release|Any CPU
		{5E85C154-78D5-44A6-AEC3-2D5A76F01387}.AppStore|x64.ActiveCfg = Release|Any CPU
		{5E85C154-78D5-44A6-AEC3-2D5A76F01387}.AppStore|x64.Build.0 = Release|Any CPU
		{5E85C154-78D5-44A6-AEC3-2D5A76F01387}.AppStore|x86.ActiveCfg = Release|Any CPU
		{5E85C154-78D5-44A6-AEC3-2D5A76F01387}.AppStore|x86.Build.0 = Release|Any CPU
		{5E85C154-78D5-44A6-AEC3-2D5A76F01387}.Debug|Any CPU.ActiveCfg = Debug|Any CPU
		{5E85C154-78D5-44A6-AEC3-2D5A76F01387}.Debug|Any CPU.Build.0 = Debug|Any CPU
		{5E85C154-78D5-44A6-AEC3-2D5A76F01387}.Debug|ARM.ActiveCfg = Debug|Any CPU
		{5E85C154-78D5-44A6-AEC3-2D5A76F01387}.Debug|ARM.Build.0 = Debug|Any CPU
		{5E85C154-78D5-44A6-AEC3-2D5A76F01387}.Debug|iPhone.ActiveCfg = Debug|Any CPU
		{5E85C154-78D5-44A6-AEC3-2D5A76F01387}.Debug|iPhone.Build.0 = Debug|Any CPU
		{5E85C154-78D5-44A6-AEC3-2D5A76F01387}.Debug|iPhoneSimulator.ActiveCfg = Debug|Any CPU
		{5E85C154-78D5-44A6-AEC3-2D5A76F01387}.Debug|iPhoneSimulator.Build.0 = Debug|Any CPU
		{5E85C154-78D5-44A6-AEC3-2D5A76F01387}.Debug|Mixed Platforms.ActiveCfg = Debug|Any CPU
		{5E85C154-78D5-44A6-AEC3-2D5A76F01387}.Debug|Mixed Platforms.Build.0 = Debug|Any CPU
		{5E85C154-78D5-44A6-AEC3-2D5A76F01387}.Debug|x64.ActiveCfg = Debug|Any CPU
		{5E85C154-78D5-44A6-AEC3-2D5A76F01387}.Debug|x64.Build.0 = Debug|Any CPU
		{5E85C154-78D5-44A6-AEC3-2D5A76F01387}.Debug|x86.ActiveCfg = Debug|Any CPU
		{5E85C154-78D5-44A6-AEC3-2D5A76F01387}.Debug|x86.Build.0 = Debug|Any CPU
		{5E85C154-78D5-44A6-AEC3-2D5A76F01387}.Release|Any CPU.ActiveCfg = Release|Any CPU
		{5E85C154-78D5-44A6-AEC3-2D5A76F01387}.Release|Any CPU.Build.0 = Release|Any CPU
		{5E85C154-78D5-44A6-AEC3-2D5A76F01387}.Release|ARM.ActiveCfg = Release|Any CPU
		{5E85C154-78D5-44A6-AEC3-2D5A76F01387}.Release|ARM.Build.0 = Release|Any CPU
		{5E85C154-78D5-44A6-AEC3-2D5A76F01387}.Release|iPhone.ActiveCfg = Release|Any CPU
		{5E85C154-78D5-44A6-AEC3-2D5A76F01387}.Release|iPhone.Build.0 = Release|Any CPU
		{5E85C154-78D5-44A6-AEC3-2D5A76F01387}.Release|iPhoneSimulator.ActiveCfg = Release|Any CPU
		{5E85C154-78D5-44A6-AEC3-2D5A76F01387}.Release|iPhoneSimulator.Build.0 = Release|Any CPU
		{5E85C154-78D5-44A6-AEC3-2D5A76F01387}.Release|Mixed Platforms.ActiveCfg = Release|Any CPU
		{5E85C154-78D5-44A6-AEC3-2D5A76F01387}.Release|Mixed Platforms.Build.0 = Release|Any CPU
		{5E85C154-78D5-44A6-AEC3-2D5A76F01387}.Release|x64.ActiveCfg = Release|Any CPU
		{5E85C154-78D5-44A6-AEC3-2D5A76F01387}.Release|x64.Build.0 = Release|Any CPU
		{5E85C154-78D5-44A6-AEC3-2D5A76F01387}.Release|x86.ActiveCfg = Release|Any CPU
		{5E85C154-78D5-44A6-AEC3-2D5A76F01387}.Release|x86.Build.0 = Release|Any CPU
	EndGlobalSection
	GlobalSection(SolutionProperties) = preSolution
		HideSolutionNode = FALSE
	EndGlobalSection
	GlobalSection(NestedProjects) = preSolution
		{98C691FE-2058-4AF0-9049-2169BFCF0595} = {6BECC46B-715B-4876-8533-AFA03D40B5C4}
		{73700315-F7D3-46AD-A78D-CC232DB550E6} = {6D5A6364-E8F2-4F40-831B-C021554A822C}
		{6FA65707-3F91-4D76-8EE3-C909C3A9F4C6} = {6D5A6364-E8F2-4F40-831B-C021554A822C}
		{C765203E-F5C3-4E74-9E30-316654771954} = {6D5A6364-E8F2-4F40-831B-C021554A822C}
		{A455B90B-C5DF-41F8-BFE6-A289F8F3FEF7} = {9841B531-83DC-4AF3-8490-0A5FCC59DA6C}
		{5E85C154-78D5-44A6-AEC3-2D5A76F01387} = {74AAFCEF-C839-4C5D-BB30-A6F2A8F41AB4}
	EndGlobalSection
EndGlobal
